<Solution>
  <Configurations>
    <Platform Name="x64" />
    <Platform Name="ARM64" />
  </Configurations>
  <Project Path="CoreEngine.Tests/CoreEngine.Tests.vcxproj" Id="1d72c1c4-adb8-4d19-9d76-14f7b8649573">
    <Platform Project="x64" />
  </Project>
  <Project Path="CoreEngine/CoreEngine.vcxproj" Id="17ece6f7-00ac-432e-9bf9-01cefb4581b3" />
  <Project Path="MockProvider/MockProvider.csproj" Id="2578a7fd-2984-45d1-83fe-b3745871d685" />
  <Project Path="SapiManager/SapiManager.csproj" />
</Solution>
