<Solution>
  <Configurations>
    <Platform Name="x64" />
    <Platform Name="ARM64" />
  </Configurations>
  <Project Path="CoreEngine.Tests/CoreEngine.Tests.vcxproj" Id="1d72c1c4-adb8-4d19-9d76-14f7b8649573">
    <Platform Project="x64" />
    <BuildType Solution="Release|x64" Project="Release" Build="false" />
    <BuildType Solution="Release|ARM64" Project="Release" Build="false" />
  </Project>
  <Project Path="CoreEngine/CoreEngine.vcxproj" Id="17ece6f7-00ac-432e-9bf9-01cefb4581b3" />
  <Project Path="MockProvider/MockProvider.vcxproj" Id="5275e3dc-be43-4f0e-95d5-c7fc4d38a364">
    <Platform Project="x64" />
    <BuildType Solution="Release|x64" Project="Release" Build="false" />
    <BuildType Solution="Release|ARM64" Project="Release" Build="false" />
  </Project>
  <Project Path="SapiManager/SapiManager.csproj" />
</Solution>
